
Microsoft Visual Studio Solution File, Format Version 12.00
# Visual Studio Version 16
VisualStudioVersion = 16.0.31321.278
MinimumVisualStudioVersion = 10.0.40219.1
Project("{9A19103F-16F7-4668-BE54-9A1E7A4F7556}") = "Avanade.SUBTCSE.Projeto.Api", "Avanade.SUBTCSE.Projeto.Api\Avanade.SUBTCSE.Projeto.Api.csproj", "{FAAFDCFD-60E9-4164-A876-81C09138F2EB}"
EndProject
Project("{2150E333-8FDC-42A3-9474-1A3956D46DE8}") = "0-AppService", "0-AppService", "{EF34B28A-47CD-45E1-A10E-96D5DED3F371}"
EndProject
Project("{2150E333-8FDC-42A3-9474-1A3956D46DE8}") = "1-Application", "1-Application", "{7C9B4959-4A14-4200-AB37-A311552B59F3}"
EndProject
Project("{2150E333-8FDC-42A3-9474-1A3956D46DE8}") = "2-Domain", "2-Domain", "{83B076B7-FEF1-44D2-942C-677F767CE6FE}"
EndProject
Project("{2150E333-8FDC-42A3-9474-1A3956D46DE8}") = "3-Infra", "3-Infra", "{FF1E9C23-DD1C-4790-9B78-84B5F08E7EF3}"
EndProject
Project("{2150E333-8FDC-42A3-9474-1A3956D46DE8}") = "4-Test", "4-Test", "{98BCA93E-6C9B-4A5C-8AE0-40A653016BFD}"
EndProject
Project("{2150E333-8FDC-42A3-9474-1A3956D46DE8}") = "3.1-CrossCutting", "3.1-CrossCutting", "{08A8B883-45CD-4AA5-9567-D3B65ED00B7B}"
EndProject
Project("{2150E333-8FDC-42A3-9474-1A3956D46DE8}") = "3.2-Data", "3.2-Data", "{5922AEF3-61F2-4FA3-885D-44B4F4A90A1F}"
EndProject
Project("{FAE04EC0-301F-11D3-BF4B-00C04F79EFBC}") = "Avanade.SUBTCSE.Projeto.Application", "Avanade.SUBTCSE.Projeto.Application\Avanade.SUBTCSE.Projeto.Application.csproj", "{5E55DD6F-B685-4E5B-9BCB-7D731129E68A}"
EndProject
Project("{FAE04EC0-301F-11D3-BF4B-00C04F79EFBC}") = "Avanade.SUBTCSE.Projeto.Domain", "Avanade.SUBTCSE.Projeto.Domain\Avanade.SUBTCSE.Projeto.Domain.csproj", "{AF312479-0336-4246-8AFB-A91AB8F59D24}"
EndProject
Project("{FAE04EC0-301F-11D3-BF4B-00C04F79EFBC}") = "Avanade.SUBTCSE.Projeto.CrossCutting", "Avanade.SUBTCSE.Projeto.CrossCutting\Avanade.SUBTCSE.Projeto.CrossCutting.csproj", "{DF94C6A2-EF8A-4A42-9D42-5C95405E0DE0}"
EndProject
Project("{FAE04EC0-301F-11D3-BF4B-00C04F79EFBC}") = "Avanade.SUBTCSE.Projeto.Data", "Avanade.SUBTCSE.Projeto.Data\Avanade.SUBTCSE.Projeto.Data.csproj", "{9EC9A885-ED02-4544-A72E-4F26A591715E}"
EndProject
Global
	GlobalSection(SolutionConfigurationPlatforms) = preSolution
		Debug|Any CPU = Debug|Any CPU
		Release|Any CPU = Release|Any CPU
	EndGlobalSection
	GlobalSection(ProjectConfigurationPlatforms) = postSolution
		{FAAFDCFD-60E9-4164-A876-81C09138F2EB}.Debug|Any CPU.ActiveCfg = Debug|Any CPU
		{FAAFDCFD-60E9-4164-A876-81C09138F2EB}.Debug|Any CPU.Build.0 = Debug|Any CPU
		{FAAFDCFD-60E9-4164-A876-81C09138F2EB}.Release|Any CPU.ActiveCfg = Release|Any CPU
		{FAAFDCFD-60E9-4164-A876-81C09138F2EB}.Release|Any CPU.Build.0 = Release|Any CPU
		{5E55DD6F-B685-4E5B-9BCB-7D731129E68A}.Debug|Any CPU.ActiveCfg = Debug|Any CPU
		{5E55DD6F-B685-4E5B-9BCB-7D731129E68A}.Debug|Any CPU.Build.0 = Debug|Any CPU
		{5E55DD6F-B685-4E5B-9BCB-7D731129E68A}.Release|Any CPU.ActiveCfg = Release|Any CPU
		{5E55DD6F-B685-4E5B-9BCB-7D731129E68A}.Release|Any CPU.Build.0 = Release|Any CPU
		{AF312479-0336-4246-8AFB-A91AB8F59D24}.Debug|Any CPU.ActiveCfg = Debug|Any CPU
		{AF312479-0336-4246-8AFB-A91AB8F59D24}.Debug|Any CPU.Build.0 = Debug|Any CPU
		{AF312479-0336-4246-8AFB-A91AB8F59D24}.Release|Any CPU.ActiveCfg = Release|Any CPU
		{AF312479-0336-4246-8AFB-A91AB8F59D24}.Release|Any CPU.Build.0 = Release|Any CPU
		{DF94C6A2-EF8A-4A42-9D42-5C95405E0DE0}.Debug|Any CPU.ActiveCfg = Debug|Any CPU
		{DF94C6A2-EF8A-4A42-9D42-5C95405E0DE0}.Debug|Any CPU.Build.0 = Debug|Any CPU
		{DF94C6A2-EF8A-4A42-9D42-5C95405E0DE0}.Release|Any CPU.ActiveCfg = Release|Any CPU
		{DF94C6A2-EF8A-4A42-9D42-5C95405E0DE0}.Release|Any CPU.Build.0 = Release|Any CPU
		{9EC9A885-ED02-4544-A72E-4F26A591715E}.Debug|Any CPU.ActiveCfg = Debug|Any CPU
		{9EC9A885-ED02-4544-A72E-4F26A591715E}.Debug|Any CPU.Build.0 = Debug|Any CPU
		{9EC9A885-ED02-4544-A72E-4F26A591715E}.Release|Any CPU.ActiveCfg = Release|Any CPU
		{9EC9A885-ED02-4544-A72E-4F26A591715E}.Release|Any CPU.Build.0 = Release|Any CPU
	EndGlobalSection
	GlobalSection(SolutionProperties) = preSolution
		HideSolutionNode = FALSE
	EndGlobalSection
	GlobalSection(NestedProjects) = preSolution
		{FAAFDCFD-60E9-4164-A876-81C09138F2EB} = {EF34B28A-47CD-45E1-A10E-96D5DED3F371}
		{08A8B883-45CD-4AA5-9567-D3B65ED00B7B} = {FF1E9C23-DD1C-4790-9B78-84B5F08E7EF3}
		{5922AEF3-61F2-4FA3-885D-44B4F4A90A1F} = {FF1E9C23-DD1C-4790-9B78-84B5F08E7EF3}
		{5E55DD6F-B685-4E5B-9BCB-7D731129E68A} = {7C9B4959-4A14-4200-AB37-A311552B59F3}
		{AF312479-0336-4246-8AFB-A91AB8F59D24} = {83B076B7-FEF1-44D2-942C-677F767CE6FE}
		{DF94C6A2-EF8A-4A42-9D42-5C95405E0DE0} = {08A8B883-45CD-4AA5-9567-D3B65ED00B7B}
		{9EC9A885-ED02-4544-A72E-4F26A591715E} = {5922AEF3-61F2-4FA3-885D-44B4F4A90A1F}
	EndGlobalSection
	GlobalSection(ExtensibilityGlobals) = postSolution
		SolutionGuid = {A0B667ED-BC00-4465-AE68-28A76518D1F3}
	EndGlobalSection
EndGlobal
